
Microsoft Visual Studio Solution File, Format Version 12.00
# Visual Studio 15
VisualStudioVersion = 15.0.27004.2006
MinimumVisualStudioVersion = 10.0.40219.1
Project("{FAE04EC0-301F-11D3-BF4B-00C04F79EFBC}") = "videoplayer", "videoplayer\videoplayer.csproj", "{E71BAA1D-7216-4DBA-9495-E222239F67C4}"
EndProject
Global
	GlobalSection(SolutionConfigurationPlatforms) = preSolution
		Debug|Any CPU = Debug|Any CPU
		Release|Any CPU = Release|Any CPU
	EndGlobalSection
	GlobalSection(ProjectConfigurationPlatforms) = postSolution
		{E71BAA1D-7216-4DBA-9495-E222239F67C4}.Debug|Any CPU.ActiveCfg = Debug|Any CPU
		{E71BAA1D-7216-4DBA-9495-E222239F67C4}.Debug|Any CPU.Build.0 = Debug|Any CPU
		{E71BAA1D-7216-4DBA-9495-E222239F67C4}.Release|Any CPU.ActiveCfg = Release|Any CPU
		{E71BAA1D-7216-4DBA-9495-E222239F67C4}.Release|Any CPU.Build.0 = Release|Any CPU
	EndGlobalSection
	GlobalSection(SolutionProperties) = preSolution
		HideSolutionNode = FALSE
	EndGlobalSection
	GlobalSection(ExtensibilityGlobals) = postSolution
		SolutionGuid = {90887738-6253-45D2-9046-FB1A45179CA9}
	EndGlobalSection
EndGlobal
